
Microsoft Visual Studio Solution File, Format Version 12.00
# Visual Studio Version 17
VisualStudioVersion = 17.5.2.0
MinimumVisualStudioVersion = 10.0.40219.1
Project("{FAE04EC0-301F-11D3-BF4B-00C04F79EFBC}") = "OpenManus.Web", "OpenManus.Web\OpenManus.Web.csproj", "{F1E6DF95-1CD0-43F2-BA12-ADF916335089}"
EndProject
Global
	GlobalSection(SolutionConfigurationPlatforms) = preSolution
		Debug|Any CPU = Debug|Any CPU
		Debug|x64 = Debug|x64
		Debug|x86 = Debug|x86
		Release|Any CPU = Release|Any CPU
		Release|x64 = Release|x64
		Release|x86 = Release|x86
	EndGlobalSection
	GlobalSection(ProjectConfigurationPlatforms) = postSolution
		{F1E6DF95-1CD0-43F2-BA12-ADF916335089}.Debug|Any CPU.ActiveCfg = Debug|Any CPU
		{F1E6DF95-1CD0-43F2-BA12-ADF916335089}.Debug|Any CPU.Build.0 = Debug|Any CPU
		{F1E6DF95-1CD0-43F2-BA12-ADF916335089}.Debug|x64.ActiveCfg = Debug|Any CPU
		{F1E6DF95-1CD0-43F2-BA12-ADF916335089}.Debug|x64.Build.0 = Debug|Any CPU
		{F1E6DF95-1CD0-43F2-BA12-ADF916335089}.Debug|x86.ActiveCfg = Debug|Any CPU
		{F1E6DF95-1CD0-43F2-BA12-ADF916335089}.Debug|x86.Build.0 = Debug|Any CPU
		{F1E6DF95-1CD0-43F2-BA12-ADF916335089}.Release|Any CPU.ActiveCfg = Release|Any CPU
		{F1E6DF95-1CD0-43F2-BA12-ADF916335089}.Release|Any CPU.Build.0 = Release|Any CPU
		{F1E6DF95-1CD0-43F2-BA12-ADF916335089}.Release|x64.ActiveCfg = Release|Any CPU
		{F1E6DF95-1CD0-43F2-BA12-ADF916335089}.Release|x64.Build.0 = Release|Any CPU
		{F1E6DF95-1CD0-43F2-BA12-ADF916335089}.Release|x86.ActiveCfg = Release|Any CPU
		{F1E6DF95-1CD0-43F2-BA12-ADF916335089}.Release|x86.Build.0 = Release|Any CPU
	EndGlobalSection
	GlobalSection(SolutionProperties) = preSolution
		HideSolutionNode = FALSE
	EndGlobalSection
	GlobalSection(ExtensibilityGlobals) = postSolution
		SolutionGuid = {45A371A3-4426-4F60-A2C0-19963B908A1A}
	EndGlobalSection
EndGlobal
