Microsoft Visual Studio Solution File, Format Version 12.00
# Visual Studio Version 17
VisualStudioVersion = 17.5.2.0
MinimumVisualStudioVersion = 10.0.40219.1
Project("{FAE04EC0-301F-11D3-BF4B-00C04F79EFBC}") = "OpenManus.Host", "OpenManus.Host\OpenManus.Host.csproj", "{BD791C4A-92D8-9E8C-6B73-D6887D483FA6}"
EndProject
Global
	GlobalSection(SolutionConfigurationPlatforms) = preSolution
		Debug|Any CPU = Debug|Any CPU
		Release|Any CPU = Release|Any CPU
	EndGlobalSection
	GlobalSection(ProjectConfigurationPlatforms) = postSolution
		{BD791C4A-92D8-9E8C-6B73-D6887D483FA6}.Debug|Any CPU.ActiveCfg = Debug|Any CPU
		{BD791C4A-92D8-9E8C-6B73-D6887D483FA6}.Debug|Any CPU.Build.0 = Debug|Any CPU
		{BD791C4A-92D8-9E8C-6B73-D6887D483FA6}.Release|Any CPU.ActiveCfg = Release|Any CPU
		{BD791C4A-92D8-9E8C-6B73-D6887D483FA6}.Release|Any CPU.Build.0 = Release|Any CPU
	EndGlobalSection
	GlobalSection(SolutionProperties) = preSolution
		HideSolutionNode = FALSE
	EndGlobalSection
	GlobalSection(ExtensibilityGlobals) = postSolution
		SolutionGuid = {45A371A3-4426-4F60-A2C0-19963B908A1A}
	EndGlobalSection
EndGlobal
