Microsoft Visual Studio Solution File, Format Version 12.00
# Visual Studio Version 17
VisualStudioVersion = 17.5.2.0
MinimumVisualStudioVersion = 10.0.40219.1
Project("{FAE04EC0-301F-11D3-BF4B-00C04F79EFBC}") = "OpenManus.Host", "OpenManus.Host.csproj", "{64188DF9-EA08-E311-DE2B-8D1F3312A551}"
EndProject
Global
	GlobalSection(SolutionConfigurationPlatforms) = preSolution
		Debug|Any CPU = Debug|Any CPU
		Release|Any CPU = Release|Any CPU
	EndGlobalSection
	GlobalSection(ProjectConfigurationPlatforms) = postSolution
		{64188DF9-EA08-E311-DE2B-8D1F3312A551}.Debug|Any CPU.ActiveCfg = Debug|Any CPU
		{64188DF9-EA08-E311-DE2B-8D1F3312A551}.Debug|Any CPU.Build.0 = Debug|Any CPU
		{64188DF9-EA08-E311-DE2B-8D1F3312A551}.Release|Any CPU.ActiveCfg = Release|Any CPU
		{64188DF9-EA08-E311-DE2B-8D1F3312A551}.Release|Any CPU.Build.0 = Release|Any CPU
	EndGlobalSection
	GlobalSection(SolutionProperties) = preSolution
		HideSolutionNode = FALSE
	EndGlobalSection
	GlobalSection(ExtensibilityGlobals) = postSolution
		SolutionGuid = {3EBD1AF4-1887-4370-8879-A811CE0D7ACB}
	EndGlobalSection
EndGlobal
